
Microsoft Visual Studio Solution File, Format Version 12.00
# Visual Studio Version 17
VisualStudioVersion = 17.7.34202.233
MinimumVisualStudioVersion = 10.0.40219.1
Project("{9A19103F-16F7-4668-BE54-9A1E7A4F7556}") = "BackEnd", "BackEnd.csproj", "{6747948B-4360-4DB9-A250-33C38BDA80F6}"
EndProject
Project("{FAE04EC0-301F-11D3-BF4B-00C04F79EFBC}") = "Shared", "..\Shared\Shared\Shared.csproj", "{DA92E612-5CAF-454D-BBFE-2E867C6ABD40}"
EndProject
Global
	GlobalSection(SolutionConfigurationPlatforms) = preSolution
		Debug|Any CPU = Debug|Any CPU
		Release|Any CPU = Release|Any CPU
	EndGlobalSection
	GlobalSection(ProjectConfigurationPlatforms) = postSolution
		{6747948B-4360-4DB9-A250-33C38BDA80F6}.Debug|Any CPU.ActiveCfg = Debug|Any CPU
		{6747948B-4360-4DB9-A250-33C38BDA80F6}.Debug|Any CPU.Build.0 = Debug|Any CPU
		{6747948B-4360-4DB9-A250-33C38BDA80F6}.Release|Any CPU.ActiveCfg = Release|Any CPU
		{6747948B-4360-4DB9-A250-33C38BDA80F6}.Release|Any CPU.Build.0 = Release|Any CPU
		{DA92E612-5CAF-454D-BBFE-2E867C6ABD40}.Debug|Any CPU.ActiveCfg = Debug|Any CPU
		{DA92E612-5CAF-454D-BBFE-2E867C6ABD40}.Debug|Any CPU.Build.0 = Debug|Any CPU
		{DA92E612-5CAF-454D-BBFE-2E867C6ABD40}.Release|Any CPU.ActiveCfg = Release|Any CPU
		{DA92E612-5CAF-454D-BBFE-2E867C6ABD40}.Release|Any CPU.Build.0 = Release|Any CPU
	EndGlobalSection
	GlobalSection(SolutionProperties) = preSolution
		HideSolutionNode = FALSE
	EndGlobalSection
	GlobalSection(ExtensibilityGlobals) = postSolution
		SolutionGuid = {76441A4E-E79A-4411-B77B-7A643C289AD5}
	EndGlobalSection
EndGlobal
